
Microsoft Visual Studio Solution File, Format Version 12.00
# Visual Studio 15
VisualStudioVersion = 15.0.28307.1401
MinimumVisualStudioVersion = 10.0.40219.1
Project("{FAE04EC0-301F-11D3-BF4B-00C04F79EFBC}") = "TalkerLib", "TalkerLib.csproj", "{DD82AF5E-EB30-4453-AE82-D801099795C0}"
EndProject
Global
	GlobalSection(SolutionConfigurationPlatforms) = preSolution
		Debug|Any CPU = Debug|Any CPU
		Release|Any CPU = Release|Any CPU
	EndGlobalSection
	GlobalSection(ProjectConfigurationPlatforms) = postSolution
		{DD82AF5E-EB30-4453-AE82-D801099795C0}.Debug|Any CPU.ActiveCfg = Debug|Any CPU
		{DD82AF5E-EB30-4453-AE82-D801099795C0}.Debug|Any CPU.Build.0 = Debug|Any CPU
		{DD82AF5E-EB30-4453-AE82-D801099795C0}.Release|Any CPU.ActiveCfg = Release|Any CPU
		{DD82AF5E-EB30-4453-AE82-D801099795C0}.Release|Any CPU.Build.0 = Release|Any CPU
	EndGlobalSection
	GlobalSection(SolutionProperties) = preSolution
		HideSolutionNode = FALSE
	EndGlobalSection
	GlobalSection(ExtensibilityGlobals) = postSolution
		SolutionGuid = {2AD9E03C-1E39-4F31-9EEC-5DBC6B8E1CFF}
	EndGlobalSection
EndGlobal
